
Microsoft Visual Studio Solution File, Format Version 12.00
# Visual Studio Version 17
VisualStudioVersion = 17.13.35818.85 d17.13
MinimumVisualStudioVersion = 10.0.40219.1
Project("{8BC9CEB8-8B4A-11D0-8D11-00A0C91BC942}") = "Sum of array elems", "Sum of array elems.vcxproj", "{84AE83A4-383A-4619-9E8E-9BD15BC8D158}"
EndProject
Global
	GlobalSection(SolutionConfigurationPlatforms) = preSolution
		Debug|x64 = Debug|x64
		Debug|x86 = Debug|x86
		Release|x64 = Release|x64
		Release|x86 = Release|x86
	EndGlobalSection
	GlobalSection(ProjectConfigurationPlatforms) = postSolution
		{84AE83A4-383A-4619-9E8E-9BD15BC8D158}.Debug|x64.ActiveCfg = Debug|x64
		{84AE83A4-383A-4619-9E8E-9BD15BC8D158}.Debug|x64.Build.0 = Debug|x64
		{84AE83A4-383A-4619-9E8E-9BD15BC8D158}.Debug|x86.ActiveCfg = Debug|Win32
		{84AE83A4-383A-4619-9E8E-9BD15BC8D158}.Debug|x86.Build.0 = Debug|Win32
		{84AE83A4-383A-4619-9E8E-9BD15BC8D158}.Release|x64.ActiveCfg = Release|x64
		{84AE83A4-383A-4619-9E8E-9BD15BC8D158}.Release|x64.Build.0 = Release|x64
		{84AE83A4-383A-4619-9E8E-9BD15BC8D158}.Release|x86.ActiveCfg = Release|Win32
		{84AE83A4-383A-4619-9E8E-9BD15BC8D158}.Release|x86.Build.0 = Release|Win32
	EndGlobalSection
	GlobalSection(SolutionProperties) = preSolution
		HideSolutionNode = FALSE
	EndGlobalSection
	GlobalSection(ExtensibilityGlobals) = postSolution
		SolutionGuid = {675E47F0-7D80-4ECB-ABF4-A3F188E4EE59}
	EndGlobalSection
EndGlobal
